
Microsoft Visual Studio Solution File, Format Version 12.00
# Visual Studio Version 17
VisualStudioVersion = 17.2.32526.322
MinimumVisualStudioVersion = 10.0.40219.1
Project("{FAE04EC0-301F-11D3-BF4B-00C04F79EFBC}") = "MinimalApiLearning", "MinimalApiLearning\MinimalApiLearning.csproj", "{35738539-A4CF-4E09-817D-DD89CC80F117}"
EndProject
Global
	GlobalSection(SolutionConfigurationPlatforms) = preSolution
		Debug|Any CPU = Debug|Any CPU
		Release|Any CPU = Release|Any CPU
	EndGlobalSection
	GlobalSection(ProjectConfigurationPlatforms) = postSolution
		{35738539-A4CF-4E09-817D-DD89CC80F117}.Debug|Any CPU.ActiveCfg = Debug|Any CPU
		{35738539-A4CF-4E09-817D-DD89CC80F117}.Debug|Any CPU.Build.0 = Debug|Any CPU
		{35738539-A4CF-4E09-817D-DD89CC80F117}.Release|Any CPU.ActiveCfg = Release|Any CPU
		{35738539-A4CF-4E09-817D-DD89CC80F117}.Release|Any CPU.Build.0 = Release|Any CPU
	EndGlobalSection
	GlobalSection(SolutionProperties) = preSolution
		HideSolutionNode = FALSE
	EndGlobalSection
	GlobalSection(ExtensibilityGlobals) = postSolution
		SolutionGuid = {518E049E-4EB3-40D6-9E05-5A106D2E2CB8}
	EndGlobalSection
EndGlobal
